{"version":4,"terraform_version":"1.10.6","serial":1,"lineage":"1c4e04ed-8d88-5175-859e-a4655eb3c556","outputs":{"random_string_value":{"value":"bFAOu@vWWq0G_6iw","type":"string"}},"resources":[{"mode":"managed","type":"random_string","name":"example","provider":"provider[\"registry.opentofu.org/hashicorp/random\"]","instances":[{"schema_version":2,"attributes":{"id":"bFAOu@vWWq0G_6iw","keepers":null,"length":16,"lower":true,"min_lower":0,"min_numeric":0,"min_special":0,"min_upper":0,"number":true,"numeric":true,"override_special":null,"result":"bFAOu@vWWq0G_6iw","special":true,"upper":true},"sensitive_attributes":[]}]}],"check_results":null}
