{
  "version": 4,
  "terraform_version": "1.13.4",
  "serial": 5,
  "lineage": "9c925dfd-1ad6-99e6-3e42-48ee83f81e5f",
  "outputs": {
    "result": {
      "value": "De@6H*xxz!T_KW)4",
      "type": "string"
    }
  },
  "resources": [
    {
      "mode": "managed",
      "type": "random_string",
      "name": "current",
      "provider": "provider[\"registry.terraform.io/hashicorp/random\"]",
      "instances": [
        {
          "schema_version": 2,
          "attributes": {
            "id": "De@6H*xxz!T_KW)4",
            "keepers": null,
            "length": 16,
            "lower": true,
            "min_lower": 0,
            "min_numeric": 0,
            "min_special": 0,
            "min_upper": 0,
            "number": true,
            "numeric": true,
            "override_special": null,
            "result": "De@6H*xxz!T_KW)4",
            "special": true,
            "upper": true
          },
          "sensitive_attributes": [],
          "identity_schema_version": 0
        }
      ]
    }
  ],
  "check_results": null
}
