{
  "version": 4,
  "terraform_version": "1.13.3",
  "serial": 2,
  "lineage": "00c1a36e-92b9-cbd6-dab3-cf5671c930f8",
  "outputs": {
    "random_string_value": {
      "value": "@(eF?C%#qSz\u003cJl5[",
      "type": "string"
    }
  },
  "resources": [
    {
      "mode": "managed",
      "type": "random_string",
      "name": "example",
      "provider": "provider[\"registry.terraform.io/hashicorp/random\"]",
      "instances": [
        {
          "schema_version": 2,
          "attributes": {
            "id": "@(eF?C%#qSz\u003cJl5[",
            "keepers": null,
            "length": 16,
            "lower": true,
            "min_lower": 0,
            "min_numeric": 0,
            "min_special": 0,
            "min_upper": 0,
            "number": true,
            "numeric": true,
            "override_special": null,
            "result": "@(eF?C%#qSz\u003cJl5[",
            "special": true,
            "upper": true
          },
          "sensitive_attributes": [],
          "identity_schema_version": 0
        }
      ]
    }
  ],
  "check_results": null
}
