{"version":4,"terraform_version":"1.10.6","serial":1,"lineage":"db83c36e-3921-1b92-802d-db0edcad0721","outputs":{},"resources":[{"mode":"managed","type":"random_shuffle","name":"random_shuffle","provider":"provider[\"registry.opentofu.org/hashicorp/random\"]","instances":[{"schema_version":0,"attributes":{"id":"-","input":["W2HEuiBw8iwHU/5k","bcu4r/4D@ylypq1V","q01KgaRAfMMMv42T"],"keepers":null,"result":["bcu4r/4D@ylypq1V","W2HEuiBw8iwHU/5k","q01KgaRAfMMMv42T"],"result_count":null,"seed":"3"},"sensitive_attributes":[],"dependencies":["random_string.random","random_string.random2","random_string.random3"]}]},{"mode":"managed","type":"random_string","name":"random","provider":"provider[\"registry.opentofu.org/hashicorp/random\"]","instances":[{"schema_version":2,"attributes":{"id":"W2HEuiBw8iwHU/5k","keepers":null,"length":16,"lower":true,"min_lower":0,"min_numeric":0,"min_special":0,"min_upper":0,"number":true,"numeric":true,"override_special":"/@£$","result":"W2HEuiBw8iwHU/5k","special":true,"upper":true},"sensitive_attributes":[]}]},{"mode":"managed","type":"random_string","name":"random2","provider":"provider[\"registry.opentofu.org/hashicorp/random\"]","instances":[{"schema_version":2,"attributes":{"id":"bcu4r/4D@ylypq1V","keepers":null,"length":16,"lower":true,"min_lower":0,"min_numeric":0,"min_special":0,"min_upper":0,"number":true,"numeric":true,"override_special":"/@£$","result":"bcu4r/4D@ylypq1V","special":true,"upper":true},"sensitive_attributes":[]}]},{"mode":"managed","type":"random_string","name":"random3","provider":"provider[\"registry.opentofu.org/hashicorp/random\"]","instances":[{"schema_version":2,"attributes":{"id":"q01KgaRAfMMMv42T","keepers":null,"length":16,"lower":true,"min_lower":0,"min_numeric":0,"min_special":0,"min_upper":0,"number":true,"numeric":true,"override_special":"/@£$","result":"q01KgaRAfMMMv42T","special":true,"upper":true},"sensitive_attributes":[]}]}],"check_results":null}
