{
    "version": 4,
    "terraform_version": "1.9.1",
    "serial": 78,
    "lineage": "136e0998-a57c-f0c8-8fd6-c9c6edfd3fe0",
    "outputs": {},
    "resources": [
        {
            "mode": "managed",
            "type": "random_string",
            "name": "random",
            "provider": "provider[\"registry.terraform.io/hashicorp/random\"]",
            "instances": [
                {
                    "schema_version": 2,
                    "attributes": {
                        "id": "dcoG5RPuBKPqY\ufffdH0",
                        "keepers": null,
                        "length": 16,
                        "lower": true,
                        "min_lower": 0,
                        "min_numeric": 0,
                        "min_special": 0,
                        "min_upper": 0,
                        "number": true,
                        "numeric": true,
                        "override_special": "/@£$",
                        "result": "dcoG5RPuBKPqY\ufffdH0",
                        "special": true,
                        "upper": true
                    },
                    "sensitive_attributes": []
                }
            ]
        }
    ],
    "check_results": null
}