{"version":4,"terraform_version":"1.10.6","serial":1,"lineage":"bcf4ee18-9ae7-2296-3a1f-b23ffffa7d44","outputs":{},"resources":[{"mode":"managed","type":"random_string","name":"random","provider":"provider[\"registry.opentofu.org/hashicorp/random\"]","instances":[{"schema_version":2,"attributes":{"id":"VN7E7L7b3sCOEPa\ufffd","keepers":null,"length":16,"lower":true,"min_lower":0,"min_numeric":0,"min_special":0,"min_upper":0,"number":true,"numeric":true,"override_special":"/@£$","result":"VN7E7L7b3sCOEPa\ufffd","special":true,"upper":true},"sensitive_attributes":[]}]}],"check_results":null}
