{
  "version": 4,
  "terraform_version": "1.13.4",
  "serial": 2,
  "lineage": "2f5670f8-1984-d567-a417-2b090c69401a",
  "outputs": {
    "result": {
      "value": "f6g?W_Yx$=+qEh?M",
      "type": "string"
    }
  },
  "resources": [
    {
      "mode": "managed",
      "type": "random_string",
      "name": "legacy",
      "provider": "provider[\"registry.terraform.io/hashicorp/random\"]",
      "instances": [
        {
          "schema_version": 1,
          "attributes": {
            "id": "f6g?W_Yx$=+qEh?M",
            "keepers": null,
            "length": 16,
            "lower": true,
            "min_lower": 0,
            "min_numeric": 0,
            "min_special": 0,
            "min_upper": 0,
            "number": true,
            "override_special": null,
            "result": "f6g?W_Yx$=+qEh?M",
            "special": true,
            "upper": true
          },
          "sensitive_attributes": [],
          "identity_schema_version": 0,
          "private": "eyJzY2hlbWFfdmVyc2lvbiI6IjEifQ=="
        }
      ]
    }
  ],
  "check_results": null
}
